
Microsoft Visual Studio Solution File, Format Version 12.00
# Visual Studio 15
VisualStudioVersion = 15.0.28307.1145
MinimumVisualStudioVersion = 10.0.40219.1
Project("{FAE04EC0-301F-11D3-BF4B-00C04F79EFBC}") = "Restaurants", "Restaurants\Restaurants.csproj", "{C462172D-BB75-4DA3-990B-BF19D4BE7150}"
EndProject
Global
	GlobalSection(SolutionConfigurationPlatforms) = preSolution
		Debug|Any CPU = Debug|Any CPU
		Release|Any CPU = Release|Any CPU
	EndGlobalSection
	GlobalSection(ProjectConfigurationPlatforms) = postSolution
		{C462172D-BB75-4DA3-990B-BF19D4BE7150}.Debug|Any CPU.ActiveCfg = Debug|Any CPU
		{C462172D-BB75-4DA3-990B-BF19D4BE7150}.Debug|Any CPU.Build.0 = Debug|Any CPU
		{C462172D-BB75-4DA3-990B-BF19D4BE7150}.Release|Any CPU.ActiveCfg = Release|Any CPU
		{C462172D-BB75-4DA3-990B-BF19D4BE7150}.Release|Any CPU.Build.0 = Release|Any CPU
	EndGlobalSection
	GlobalSection(SolutionProperties) = preSolution
		HideSolutionNode = FALSE
	EndGlobalSection
	GlobalSection(ExtensibilityGlobals) = postSolution
		SolutionGuid = {8250BC5D-373F-44A3-856A-56B01716ECD9}
	EndGlobalSection
EndGlobal
